
Microsoft Visual Studio Solution File, Format Version 12.00
# Visual Studio Version 17
VisualStudioVersion = 17.11.35312.102
MinimumVisualStudioVersion = 10.0.40219.1
Project("{888888A0-9F3D-457C-B088-3A5042F75D52}") = "1", "1.pyproj", "{56A702E5-8A9F-4B78-8664-676F1F865808}"
EndProject
Global
	GlobalSection(SolutionConfigurationPlatforms) = preSolution
		Debug|Any CPU = Debug|Any CPU
		Release|Any CPU = Release|Any CPU
	EndGlobalSection
	GlobalSection(ProjectConfigurationPlatforms) = postSolution
		{56A702E5-8A9F-4B78-8664-676F1F865808}.Debug|Any CPU.ActiveCfg = Debug|Any CPU
		{56A702E5-8A9F-4B78-8664-676F1F865808}.Release|Any CPU.ActiveCfg = Release|Any CPU
	EndGlobalSection
	GlobalSection(SolutionProperties) = preSolution
		HideSolutionNode = FALSE
	EndGlobalSection
	GlobalSection(ExtensibilityGlobals) = postSolution
		SolutionGuid = {D8994E97-125A-47C3-B84E-3B149B8AA8B9}
	EndGlobalSection
EndGlobal
