
Microsoft Visual Studio Solution File, Format Version 12.00
# Visual Studio Version 17
VisualStudioVersion = 17.11.35312.102
MinimumVisualStudioVersion = 10.0.40219.1
Project("{888888A0-9F3D-457C-B088-3A5042F75D52}") = "1", "1.pyproj", "{9B2381DC-98FD-4BB4-9A5A-20A86C0364E4}"
EndProject
Global
	GlobalSection(SolutionConfigurationPlatforms) = preSolution
		Debug|Any CPU = Debug|Any CPU
		Release|Any CPU = Release|Any CPU
	EndGlobalSection
	GlobalSection(ProjectConfigurationPlatforms) = postSolution
		{9B2381DC-98FD-4BB4-9A5A-20A86C0364E4}.Debug|Any CPU.ActiveCfg = Debug|Any CPU
		{9B2381DC-98FD-4BB4-9A5A-20A86C0364E4}.Release|Any CPU.ActiveCfg = Release|Any CPU
	EndGlobalSection
	GlobalSection(SolutionProperties) = preSolution
		HideSolutionNode = FALSE
	EndGlobalSection
	GlobalSection(ExtensibilityGlobals) = postSolution
		SolutionGuid = {944432CB-2C20-4856-91C3-095BFA8916D8}
	EndGlobalSection
EndGlobal
