
Microsoft Visual Studio Solution File, Format Version 12.00
# Visual Studio Version 17
VisualStudioVersion = 17.11.35312.102
MinimumVisualStudioVersion = 10.0.40219.1
Project("{888888A0-9F3D-457C-B088-3A5042F75D52}") = "1", "1.pyproj", "{D9A3C57F-B164-4ABC-BE89-53AB70E6C08C}"
EndProject
Global
	GlobalSection(SolutionConfigurationPlatforms) = preSolution
		Debug|Any CPU = Debug|Any CPU
		Release|Any CPU = Release|Any CPU
	EndGlobalSection
	GlobalSection(ProjectConfigurationPlatforms) = postSolution
		{D9A3C57F-B164-4ABC-BE89-53AB70E6C08C}.Debug|Any CPU.ActiveCfg = Debug|Any CPU
		{D9A3C57F-B164-4ABC-BE89-53AB70E6C08C}.Release|Any CPU.ActiveCfg = Release|Any CPU
	EndGlobalSection
	GlobalSection(SolutionProperties) = preSolution
		HideSolutionNode = FALSE
	EndGlobalSection
	GlobalSection(ExtensibilityGlobals) = postSolution
		SolutionGuid = {94DE1EDA-B738-4CB0-A704-9D2B6018FC98}
	EndGlobalSection
EndGlobal
